
Microsoft Visual Studio Solution File, Format Version 12.00
# Visual Studio 15
VisualStudioVersion = 15.0.27703.2026
MinimumVisualStudioVersion = 10.0.40219.1
Project("{9A19103F-16F7-4668-BE54-9A1E7A4F7556}") = "DynamicExpressions", "DynamicExpressions\DynamicExpressions.csproj", "{B6677491-59A1-48F3-98AE-7A35FE7CA515}"
EndProject
Project("{FAE04EC0-301F-11D3-BF4B-00C04F79EFBC}") = "DynamicExpressions.Tests", "DynamicExpressions.Tests\DynamicExpressions.Tests.csproj", "{60B3E2B5-6D8D-4458-8323-C5DA4F3099AC}"
EndProject
Global
	GlobalSection(SolutionConfigurationPlatforms) = preSolution
		Debug|Any CPU = Debug|Any CPU
		Release|Any CPU = Release|Any CPU
	EndGlobalSection
	GlobalSection(ProjectConfigurationPlatforms) = postSolution
		{B6677491-59A1-48F3-98AE-7A35FE7CA515}.Debug|Any CPU.ActiveCfg = Debug|Any CPU
		{B6677491-59A1-48F3-98AE-7A35FE7CA515}.Debug|Any CPU.Build.0 = Debug|Any CPU
		{B6677491-59A1-48F3-98AE-7A35FE7CA515}.Release|Any CPU.ActiveCfg = Release|Any CPU
		{B6677491-59A1-48F3-98AE-7A35FE7CA515}.Release|Any CPU.Build.0 = Release|Any CPU
		{60B3E2B5-6D8D-4458-8323-C5DA4F3099AC}.Debug|Any CPU.ActiveCfg = Debug|Any CPU
		{60B3E2B5-6D8D-4458-8323-C5DA4F3099AC}.Debug|Any CPU.Build.0 = Debug|Any CPU
		{60B3E2B5-6D8D-4458-8323-C5DA4F3099AC}.Release|Any CPU.ActiveCfg = Release|Any CPU
		{60B3E2B5-6D8D-4458-8323-C5DA4F3099AC}.Release|Any CPU.Build.0 = Release|Any CPU
	EndGlobalSection
	GlobalSection(SolutionProperties) = preSolution
		HideSolutionNode = FALSE
	EndGlobalSection
	GlobalSection(ExtensibilityGlobals) = postSolution
		SolutionGuid = {B4A26588-5D12-4307-B383-F0433F7403A6}
	EndGlobalSection
EndGlobal
